
Microsoft Visual Studio Solution File, Format Version 12.00
# Visual Studio Version 16
VisualStudioVersion = 16.0.30621.155
MinimumVisualStudioVersion = 10.0.40219.1
Project("{FAE04EC0-301F-11D3-BF4B-00C04F79EFBC}") = "TSG_Hotel", "TSG_Hotel\TSG_Hotel.csproj", "{DAF08908-7CDD-4E1B-A924-9A4C377AF852}"
EndProject
Global
	GlobalSection(SolutionConfigurationPlatforms) = preSolution
		Debug|Any CPU = Debug|Any CPU
		Release|Any CPU = Release|Any CPU
	EndGlobalSection
	GlobalSection(ProjectConfigurationPlatforms) = postSolution
		{DAF08908-7CDD-4E1B-A924-9A4C377AF852}.Debug|Any CPU.ActiveCfg = Debug|Any CPU
		{DAF08908-7CDD-4E1B-A924-9A4C377AF852}.Debug|Any CPU.Build.0 = Debug|Any CPU
		{DAF08908-7CDD-4E1B-A924-9A4C377AF852}.Release|Any CPU.ActiveCfg = Release|Any CPU
		{DAF08908-7CDD-4E1B-A924-9A4C377AF852}.Release|Any CPU.Build.0 = Release|Any CPU
	EndGlobalSection
	GlobalSection(SolutionProperties) = preSolution
		HideSolutionNode = FALSE
	EndGlobalSection
	GlobalSection(ExtensibilityGlobals) = postSolution
		SolutionGuid = {F5E48887-C40F-4658-B76B-B8504FDD3B15}
	EndGlobalSection
EndGlobal
